PODS:
  - DBCamera (1.0.1)
  - FontAwesomeKit (2.1.5):
    - FontAwesomeKit/Core
    - FontAwesomeKit/FontAwesome
    - FontAwesomeKit/FoundationIcons
    - FontAwesomeKit/IonIcons
    - FontAwesomeKit/Zocial
  - FontAwesomeKit/Core (2.1.5)
  - FontAwesomeKit/FontAwesome (2.1.5):
    - FontAwesomeKit/Core
  - FontAwesomeKit/FoundationIcons (2.1.5):
    - FontAwesomeKit/Core
  - FontAwesomeKit/IonIcons (2.1.5):
    - FontAwesomeKit/Core
  - FontAwesomeKit/Zocial (2.1.5):
    - FontAwesomeKit/Core
  - PrettyTimestamp (1.1)
  - TTTAttributedLabel (1.9.0)

DEPENDENCIES:
  - DBCamera (~> 1.0.1)
  - FontAwesomeKit (~> 2.1.0)
  - PrettyTimestamp
  - TTTAttributedLabel

SPEC CHECKSUMS:
  DBCamera: 04fe8162ecdf58308307c717f7fd6ce9856d9684
  FontAwesomeKit: 7d935e100337d503bdaefde2ea16be740b81ed13
  PrettyTimestamp: 05ded9a97fd0f6f3e94fe2a4d87d527cf7577507
  TTTAttributedLabel: 290be3d7e235843755b43d92f7c71287325f389c

COCOAPODS: 0.29.0
