// !$*UTF8*$!
{
	archiveVersion = 1;
	classes = {
	};
	objectVersion = 46;
	objects = {

/* Begin PBXBuildFile section */
		5E26A462825B4BF6831418D7 /* libPods.a in Frameworks */ = {isa = PBXBuildFile; fileRef = 883104303B1C48AF812654FF /* libPods.a */; };
		D110AFF218CA43450077D25B /* FeedTableViewCell.m in Sources */ = {isa = PBXBuildFile; fileRef = D110AFF118CA43450077D25B /* FeedTableViewCell.m */; };
		D110AFFD18CA4E080077D25B /* FoodPost.m in Sources */ = {isa = PBXBuildFile; fileRef = D110AFFC18CA4E080077D25B /* FoodPost.m */; };
		D110B00118CA524B0077D25B /* Foodie.m in Sources */ = {isa = PBXBuildFile; fileRef = D110B00018CA524B0077D25B /* Foodie.m */; };
		D110B00318CA561B0077D25B /* ramenImage.png in Resources */ = {isa = PBXBuildFile; fileRef = D110B00218CA561B0077D25B /* ramenImage.png */; };
		D110B00718CA5E070077D25B /* UIView+ResizeToFitSubviews.m in Sources */ = {isa = PBXBuildFile; fileRef = D110B00618CA5E070077D25B /* UIView+ResizeToFitSubviews.m */; };
		D110B00A18CA67210077D25B /* Like.m in Sources */ = {isa = PBXBuildFile; fileRef = D110B00918CA67210077D25B /* Like.m */; };
		D110B00D18CA67E30077D25B /* Comment.m in Sources */ = {isa = PBXBuildFile; fileRef = D110B00C18CA67E30077D25B /* Comment.m */; };
		D1247F6518E4CFFB009CD32B /* UIColor+colorPallete.m in Sources */ = {isa = PBXBuildFile; fileRef = D1247F6418E4CFFB009CD32B /* UIColor+colorPallete.m */; };
		D1247F6B18E5F1DB009CD32B /* NSDate+PrettyTimestamp.m in Sources */ = {isa = PBXBuildFile; fileRef = D1247F6A18E5F1DB009CD32B /* NSDate+PrettyTimestamp.m */; };
		D1247F6E18E5FA19009CD32B /* MealTag.m in Sources */ = {isa = PBXBuildFile; fileRef = D1247F6D18E5FA19009CD32B /* MealTag.m */; };
		D1247F7118E5FAB5009CD32B /* Meal.m in Sources */ = {isa = PBXBuildFile; fileRef = D1247F7018E5FAB5009CD32B /* Meal.m */; };
		D1247F7418E602ED009CD32B /* FoodiesDataStore.m in Sources */ = {isa = PBXBuildFile; fileRef = D1247F7318E602ED009CD32B /* FoodiesDataStore.m */; };
		D1247F7B18E75BB5009CD32B /* TagPickerViewController.m in Sources */ = {isa = PBXBuildFile; fileRef = D1247F7A18E75BB5009CD32B /* TagPickerViewController.m */; };
		D12A5F5118E33135000BF74A /* LandingTableViewController.m in Sources */ = {isa = PBXBuildFile; fileRef = D12A5F5018E33135000BF74A /* LandingTableViewController.m */; };
		D12A5F5418E353DF000BF74A /* LogInTableViewCell.m in Sources */ = {isa = PBXBuildFile; fileRef = D12A5F5318E353DF000BF74A /* LogInTableViewCell.m */; };
		D12A5F5718E36F1D000BF74A /* ProfileViewController.m in Sources */ = {isa = PBXBuildFile; fileRef = D12A5F5618E36F1D000BF74A /* ProfileViewController.m */; };
		D12A5F5D18E37D48000BF74A /* SignUpViewController.m in Sources */ = {isa = PBXBuildFile; fileRef = D12A5F5C18E37D48000BF74A /* SignUpViewController.m */; };
		D12A6D9618C128800029EB6D /* CameraModeViewController.m in Sources */ = {isa = PBXBuildFile; fileRef = D12A6D9518C128800029EB6D /* CameraModeViewController.m */; };
		D12A6D9918C12EB40029EB6D /* CustomCamera.m in Sources */ = {isa = PBXBuildFile; fileRef = D12A6D9818C12EB40029EB6D /* CustomCamera.m */; };
		D13A51A818BBCA3700ADE71D /* AVFoundation.framework in Frameworks */ = {isa = PBXBuildFile; fileRef = D13A51A718BBCA3700ADE71D /* AVFoundation.framework */; };
		D13A51AA18BBCA5700ADE71D /* AssetsLibrary.framework in Frameworks */ = {isa = PBXBuildFile; fileRef = D13A51A918BBCA5700ADE71D /* AssetsLibrary.framework */; settings = {ATTRIBUTES = (Required, ); }; };
		D13A51B618BCEF3300ADE71D /* CameraViewController.m in Sources */ = {isa = PBXBuildFile; fileRef = D13A51B518BCEF3200ADE71D /* CameraViewController.m */; };
		D144D6A118C5272D00C6755F /* FeedTableViewController.m in Sources */ = {isa = PBXBuildFile; fileRef = D144D6A018C5272D00C6755F /* FeedTableViewController.m */; };
		D183514518BBAE5B00303868 /* Foundation.framework in Frameworks */ = {isa = PBXBuildFile; fileRef = D183514418BBAE5B00303868 /* Foundation.framework */; };
		D183514718BBAE5B00303868 /* CoreGraphics.framework in Frameworks */ = {isa = PBXBuildFile; fileRef = D183514618BBAE5B00303868 /* CoreGraphics.framework */; };
		D183514918BBAE5B00303868 /* UIKit.framework in Frameworks */ = {isa = PBXBuildFile; fileRef = D183514818BBAE5B00303868 /* UIKit.framework */; };
		D183514F18BBAE5B00303868 /* InfoPlist.strings in Resources */ = {isa = PBXBuildFile; fileRef = D183514D18BBAE5B00303868 /* InfoPlist.strings */; };
		D183515118BBAE5B00303868 /* main.m in Sources */ = {isa = PBXBuildFile; fileRef = D183515018BBAE5B00303868 /* main.m */; };
		D183515518BBAE5B00303868 /* AppDelegate.m in Sources */ = {isa = PBXBuildFile; fileRef = D183515418BBAE5B00303868 /* AppDelegate.m */; };
		D183515818BBAE5B00303868 /* Main_iPhone.storyboard in Resources */ = {isa = PBXBuildFile; fileRef = D183515618BBAE5B00303868 /* Main_iPhone.storyboard */; };
		D183515B18BBAE5B00303868 /* Main_iPad.storyboard in Resources */ = {isa = PBXBuildFile; fileRef = D183515918BBAE5B00303868 /* Main_iPad.storyboard */; };
		D183515E18BBAE5B00303868 /* FirstViewController.m in Sources */ = {isa = PBXBuildFile; fileRef = D183515D18BBAE5B00303868 /* FirstViewController.m */; };
		D183516118BBAE5B00303868 /* SecondViewController.m in Sources */ = {isa = PBXBuildFile; fileRef = D183516018BBAE5B00303868 /* SecondViewController.m */; };
		D183516318BBAE5B00303868 /* Images.xcassets in Resources */ = {isa = PBXBuildFile; fileRef = D183516218BBAE5B00303868 /* Images.xcassets */; };
		D183516A18BBAE5C00303868 /* XCTest.framework in Frameworks */ = {isa = PBXBuildFile; fileRef = D183516918BBAE5C00303868 /* XCTest.framework */; };
		D183516B18BBAE5C00303868 /* Foundation.framework in Frameworks */ = {isa = PBXBuildFile; fileRef = D183514418BBAE5B00303868 /* Foundation.framework */; };
		D183516C18BBAE5C00303868 /* UIKit.framework in Frameworks */ = {isa = PBXBuildFile; fileRef = D183514818BBAE5B00303868 /* UIKit.framework */; };
		D183517418BBAE5C00303868 /* InfoPlist.strings in Resources */ = {isa = PBXBuildFile; fileRef = D183517218BBAE5C00303868 /* InfoPlist.strings */; };
		D183517618BBAE5C00303868 /* FoodiesTests.m in Sources */ = {isa = PBXBuildFile; fileRef = D183517518BBAE5C00303868 /* FoodiesTests.m */; };
		D1ABE1CB18D22FD300254A84 /* albumThumbCollectionViewCell.m in Sources */ = {isa = PBXBuildFile; fileRef = D1ABE1CA18D22FD300254A84 /* albumThumbCollectionViewCell.m */; };
		D1B57DAB18C11D67007B3833 /* TabBarController.m in Sources */ = {isa = PBXBuildFile; fileRef = D1B57DAA18C11D67007B3833 /* TabBarController.m */; };
		D1BD1A8518D3575B00256BC2 /* LocationPickerTableViewController.m in Sources */ = {isa = PBXBuildFile; fileRef = D1BD1A8418D3575B00256BC2 /* LocationPickerTableViewController.m */; };
		D1BD1A8A18D35E1A00256BC2 /* Location.m in Sources */ = {isa = PBXBuildFile; fileRef = D1BD1A8718D35E1A00256BC2 /* Location.m */; };
		D1BD1A8B18D35E1A00256BC2 /* Venue.m in Sources */ = {isa = PBXBuildFile; fileRef = D1BD1A8918D35E1A00256BC2 /* Venue.m */; };
		D1BD1B1318D36F3900256BC2 /* PostFormTableViewController.m in Sources */ = {isa = PBXBuildFile; fileRef = D1BD1B1218D36F3900256BC2 /* PostFormTableViewController.m */; };
		D1BD1B1518D3879200256BC2 /* CoreLocation.framework in Frameworks */ = {isa = PBXBuildFile; fileRef = D1BD1B1418D3879200256BC2 /* CoreLocation.framework */; };
		D1BD1B1818D38F1C00256BC2 /* NSMutableDictionary+ImageMetadata.m in Sources */ = {isa = PBXBuildFile; fileRef = D1BD1B1718D38F1C00256BC2 /* NSMutableDictionary+ImageMetadata.m */; };
		D1BD1B1B18D3A1D600256BC2 /* ALAsset+Date.m in Sources */ = {isa = PBXBuildFile; fileRef = D1BD1B1A18D3A1D600256BC2 /* ALAsset+Date.m */; };
		D1C0C36118DCBEF000F3AD9C /* profilepic.png in Resources */ = {isa = PBXBuildFile; fileRef = D1C0C36018DCBEF000F3AD9C /* profilepic.png */; };
/* End PBXBuildFile section */

/* Begin PBXContainerItemProxy section */
		D183516D18BBAE5C00303868 /* PBXContainerItemProxy */ = {
			isa = PBXContainerItemProxy;
			containerPortal = D183513918BBAE5B00303868 /* Project object */;
			proxyType = 1;
			remoteGlobalIDString = D183514018BBAE5B00303868;
			remoteInfo = Foodies;
		};
/* End PBXContainerItemProxy section */

/* Begin PBXFileReference section */
		25D1270A827E4ED79ABF8B18 /* Pods.xcconfig */ = {isa = PBXFileReference; includeInIndex = 1; lastKnownFileType = text.xcconfig; name = Pods.xcconfig; path = Pods/Pods.xcconfig; sourceTree = "<group>"; };
		883104303B1C48AF812654FF /* libPods.a */ = {isa = PBXFileReference; explicitFileType = archive.ar; includeInIndex = 0; path = libPods.a; sourceTree = BUILT_PRODUCTS_DIR; };
		D110AFF018CA43450077D25B /* FeedTableViewCell.h */ = {isa = PBXFileReference; fileEncoding = 4; lastKnownFileType = sourcecode.c.h; path = FeedTableViewCell.h; sourceTree = "<group>"; };
		D110AFF118CA43450077D25B /* FeedTableViewCell.m */ = {isa = PBXFileReference; fileEncoding = 4; lastKnownFileType = sourcecode.c.objc; path = FeedTableViewCell.m; sourceTree = "<group>"; };
		D110AFFB18CA4E080077D25B /* FoodPost.h */ = {isa = PBXFileReference; fileEncoding = 4; lastKnownFileType = sourcecode.c.h; path = FoodPost.h; sourceTree = "<group>"; };
		D110AFFC18CA4E080077D25B /* FoodPost.m */ = {isa = PBXFileReference; fileEncoding = 4; lastKnownFileType = sourcecode.c.objc; path = FoodPost.m; sourceTree = "<group>"; };
		D110AFFF18CA524B0077D25B /* Foodie.h */ = {isa = PBXFileReference; fileEncoding = 4; lastKnownFileType = sourcecode.c.h; path = Foodie.h; sourceTree = "<group>"; };
		D110B00018CA524B0077D25B /* Foodie.m */ = {isa = PBXFileReference; fileEncoding = 4; lastKnownFileType = sourcecode.c.objc; path = Foodie.m; sourceTree = "<group>"; };
		D110B00218CA561B0077D25B /* ramenImage.png */ = {isa = PBXFileReference; lastKnownFileType = image.png; path = ramenImage.png; sourceTree = "<group>"; };
		D110B00518CA5E070077D25B /* UIView+ResizeToFitSubviews.h */ = {isa = PBXFileReference; fileEncoding = 4; lastKnownFileType = sourcecode.c.h; path = "UIView+ResizeToFitSubviews.h"; sourceTree = "<group>"; };
		D110B00618CA5E070077D25B /* UIView+ResizeToFitSubviews.m */ = {isa = PBXFileReference; fileEncoding = 4; lastKnownFileType = sourcecode.c.objc; path = "UIView+ResizeToFitSubviews.m"; sourceTree = "<group>"; };
		D110B00818CA67210077D25B /* Like.h */ = {isa = PBXFileReference; fileEncoding = 4; lastKnownFileType = sourcecode.c.h; path = Like.h; sourceTree = "<group>"; };
		D110B00918CA67210077D25B /* Like.m */ = {isa = PBXFileReference; fileEncoding = 4; lastKnownFileType = sourcecode.c.objc; path = Like.m; sourceTree = "<group>"; };
		D110B00B18CA67E30077D25B /* Comment.h */ = {isa = PBXFileReference; fileEncoding = 4; lastKnownFileType = sourcecode.c.h; path = Comment.h; sourceTree = "<group>"; };
		D110B00C18CA67E30077D25B /* Comment.m */ = {isa = PBXFileReference; fileEncoding = 4; lastKnownFileType = sourcecode.c.objc; path = Comment.m; sourceTree = "<group>"; };
		D1247F6318E4CFFB009CD32B /* UIColor+colorPallete.h */ = {isa = PBXFileReference; fileEncoding = 4; lastKnownFileType = sourcecode.c.h; path = "UIColor+colorPallete.h"; sourceTree = "<group>"; };
		D1247F6418E4CFFB009CD32B /* UIColor+colorPallete.m */ = {isa = PBXFileReference; fileEncoding = 4; lastKnownFileType = sourcecode.c.objc; path = "UIColor+colorPallete.m"; sourceTree = "<group>"; };
		D1247F6918E5F1DB009CD32B /* NSDate+PrettyTimestamp.h */ = {isa = PBXFileReference; fileEncoding = 4; lastKnownFileType = sourcecode.c.h; path = "NSDate+PrettyTimestamp.h"; sourceTree = "<group>"; };
		D1247F6A18E5F1DB009CD32B /* NSDate+PrettyTimestamp.m */ = {isa = PBXFileReference; fileEncoding = 4; lastKnownFileType = sourcecode.c.objc; path = "NSDate+PrettyTimestamp.m"; sourceTree = "<group>"; };
		D1247F6C18E5FA19009CD32B /* MealTag.h */ = {isa = PBXFileReference; fileEncoding = 4; lastKnownFileType = sourcecode.c.h; path = MealTag.h; sourceTree = "<group>"; };
		D1247F6D18E5FA19009CD32B /* MealTag.m */ = {isa = PBXFileReference; fileEncoding = 4; lastKnownFileType = sourcecode.c.objc; path = MealTag.m; sourceTree = "<group>"; };
		D1247F6F18E5FAB5009CD32B /* Meal.h */ = {isa = PBXFileReference; fileEncoding = 4; lastKnownFileType = sourcecode.c.h; path = Meal.h; sourceTree = "<group>"; };
		D1247F7018E5FAB5009CD32B /* Meal.m */ = {isa = PBXFileReference; fileEncoding = 4; lastKnownFileType = sourcecode.c.objc; path = Meal.m; sourceTree = "<group>"; };
		D1247F7218E602ED009CD32B /* FoodiesDataStore.h */ = {isa = PBXFileReference; fileEncoding = 4; lastKnownFileType = sourcecode.c.h; path = FoodiesDataStore.h; sourceTree = "<group>"; };
		D1247F7318E602ED009CD32B /* FoodiesDataStore.m */ = {isa = PBXFileReference; fileEncoding = 4; lastKnownFileType = sourcecode.c.objc; path = FoodiesDataStore.m; sourceTree = "<group>"; };
		D1247F7518E60D4F009CD32B /* FeedTableViewCellDelegate.h */ = {isa = PBXFileReference; lastKnownFileType = sourcecode.c.h; path = FeedTableViewCellDelegate.h; sourceTree = "<group>"; };
		D1247F7918E75BB5009CD32B /* TagPickerViewController.h */ = {isa = PBXFileReference; fileEncoding = 4; lastKnownFileType = sourcecode.c.h; path = TagPickerViewController.h; sourceTree = "<group>"; };
		D1247F7A18E75BB5009CD32B /* TagPickerViewController.m */ = {isa = PBXFileReference; fileEncoding = 4; lastKnownFileType = sourcecode.c.objc; path = TagPickerViewController.m; sourceTree = "<group>"; };
		D12A5F4F18E33135000BF74A /* LandingTableViewController.h */ = {isa = PBXFileReference; fileEncoding = 4; lastKnownFileType = sourcecode.c.h; name = LandingTableViewController.h; path = ../LandingTableViewController.h; sourceTree = "<group>"; };
		D12A5F5018E33135000BF74A /* LandingTableViewController.m */ = {isa = PBXFileReference; fileEncoding = 4; lastKnownFileType = sourcecode.c.objc; name = LandingTableViewController.m; path = ../LandingTableViewController.m; sourceTree = "<group>"; };
		D12A5F5218E353DF000BF74A /* LogInTableViewCell.h */ = {isa = PBXFileReference; fileEncoding = 4; lastKnownFileType = sourcecode.c.h; name = LogInTableViewCell.h; path = ../LogInTableViewCell.h; sourceTree = "<group>"; };
		D12A5F5318E353DF000BF74A /* LogInTableViewCell.m */ = {isa = PBXFileReference; fileEncoding = 4; lastKnownFileType = sourcecode.c.objc; name = LogInTableViewCell.m; path = ../LogInTableViewCell.m; sourceTree = "<group>"; };
		D12A5F5518E36F1D000BF74A /* ProfileViewController.h */ = {isa = PBXFileReference; fileEncoding = 4; lastKnownFileType = sourcecode.c.h; path = ProfileViewController.h; sourceTree = "<group>"; };
		D12A5F5618E36F1D000BF74A /* ProfileViewController.m */ = {isa = PBXFileReference; fileEncoding = 4; lastKnownFileType = sourcecode.c.objc; path = ProfileViewController.m; sourceTree = "<group>"; };
		D12A5F5B18E37D48000BF74A /* SignUpViewController.h */ = {isa = PBXFileReference; fileEncoding = 4; lastKnownFileType = sourcecode.c.h; path = SignUpViewController.h; sourceTree = "<group>"; };
		D12A5F5C18E37D48000BF74A /* SignUpViewController.m */ = {isa = PBXFileReference; fileEncoding = 4; lastKnownFileType = sourcecode.c.objc; path = SignUpViewController.m; sourceTree = "<group>"; };
		D12A6D9418C128800029EB6D /* CameraModeViewController.h */ = {isa = PBXFileReference; fileEncoding = 4; lastKnownFileType = sourcecode.c.h; path = CameraModeViewController.h; sourceTree = "<group>"; };
		D12A6D9518C128800029EB6D /* CameraModeViewController.m */ = {isa = PBXFileReference; fileEncoding = 4; lastKnownFileType = sourcecode.c.objc; path = CameraModeViewController.m; sourceTree = "<group>"; };
		D12A6D9718C12EB40029EB6D /* CustomCamera.h */ = {isa = PBXFileReference; fileEncoding = 4; lastKnownFileType = sourcecode.c.h; path = CustomCamera.h; sourceTree = "<group>"; };
		D12A6D9818C12EB40029EB6D /* CustomCamera.m */ = {isa = PBXFileReference; fileEncoding = 4; lastKnownFileType = sourcecode.c.objc; path = CustomCamera.m; sourceTree = "<group>"; };
		D13A51A718BBCA3700ADE71D /* AVFoundation.framework */ = {isa = PBXFileReference; lastKnownFileType = wrapper.framework; name = AVFoundation.framework; path = System/Library/Frameworks/AVFoundation.framework; sourceTree = SDKROOT; };
		D13A51A918BBCA5700ADE71D /* AssetsLibrary.framework */ = {isa = PBXFileReference; lastKnownFileType = wrapper.framework; name = AssetsLibrary.framework; path = System/Library/Frameworks/AssetsLibrary.framework; sourceTree = SDKROOT; };
		D13A51B418BCEF3200ADE71D /* CameraViewController.h */ = {isa = PBXFileReference; fileEncoding = 4; lastKnownFileType = sourcecode.c.h; path = CameraViewController.h; sourceTree = "<group>"; };
		D13A51B518BCEF3200ADE71D /* CameraViewController.m */ = {isa = PBXFileReference; fileEncoding = 4; lastKnownFileType = sourcecode.c.objc; path = CameraViewController.m; sourceTree = "<group>"; };
		D144D69F18C5272D00C6755F /* FeedTableViewController.h */ = {isa = PBXFileReference; fileEncoding = 4; lastKnownFileType = sourcecode.c.h; path = FeedTableViewController.h; sourceTree = "<group>"; };
		D144D6A018C5272D00C6755F /* FeedTableViewController.m */ = {isa = PBXFileReference; fileEncoding = 4; lastKnownFileType = sourcecode.c.objc; path = FeedTableViewController.m; sourceTree = "<group>"; };
		D183514118BBAE5B00303868 /* Foodies.app */ = {isa = PBXFileReference; explicitFileType = wrapper.application; includeInIndex = 0; path = Foodies.app; sourceTree = BUILT_PRODUCTS_DIR; };
		D183514418BBAE5B00303868 /* Foundation.framework */ = {isa = PBXFileReference; lastKnownFileType = wrapper.framework; name = Foundation.framework; path = System/Library/Frameworks/Foundation.framework; sourceTree = SDKROOT; };
		D183514618BBAE5B00303868 /* CoreGraphics.framework */ = {isa = PBXFileReference; lastKnownFileType = wrapper.framework; name = CoreGraphics.framework; path = System/Library/Frameworks/CoreGraphics.framework; sourceTree = SDKROOT; };
		D183514818BBAE5B00303868 /* UIKit.framework */ = {isa = PBXFileReference; lastKnownFileType = wrapper.framework; name = UIKit.framework; path = System/Library/Frameworks/UIKit.framework; sourceTree = SDKROOT; };
		D183514C18BBAE5B00303868 /* Foodies-Info.plist */ = {isa = PBXFileReference; lastKnownFileType = text.plist.xml; path = "Foodies-Info.plist"; sourceTree = "<group>"; };
		D183514E18BBAE5B00303868 /* en */ = {isa = PBXFileReference; lastKnownFileType = text.plist.strings; name = en; path = en.lproj/InfoPlist.strings; sourceTree = "<group>"; };
		D183515018BBAE5B00303868 /* main.m */ = {isa = PBXFileReference; lastKnownFileType = sourcecode.c.objc; path = main.m; sourceTree = "<group>"; };
		D183515218BBAE5B00303868 /* Foodies-Prefix.pch */ = {isa = PBXFileReference; lastKnownFileType = sourcecode.c.h; path = "Foodies-Prefix.pch"; sourceTree = "<group>"; };
		D183515318BBAE5B00303868 /* AppDelegate.h */ = {isa = PBXFileReference; lastKnownFileType = sourcecode.c.h; path = AppDelegate.h; sourceTree = "<group>"; };
		D183515418BBAE5B00303868 /* AppDelegate.m */ = {isa = PBXFileReference; lastKnownFileType = sourcecode.c.objc; path = AppDelegate.m; sourceTree = "<group>"; };
		D183515718BBAE5B00303868 /* Base */ = {isa = PBXFileReference; lastKnownFileType = file.storyboard; name = Base; path = Base.lproj/Main_iPhone.storyboard; sourceTree = "<group>"; };
		D183515A18BBAE5B00303868 /* Base */ = {isa = PBXFileReference; lastKnownFileType = file.storyboard; name = Base; path = Base.lproj/Main_iPad.storyboard; sourceTree = "<group>"; };
		D183515C18BBAE5B00303868 /* FirstViewController.h */ = {isa = PBXFileReference; lastKnownFileType = sourcecode.c.h; path = FirstViewController.h; sourceTree = "<group>"; };
		D183515D18BBAE5B00303868 /* FirstViewController.m */ = {isa = PBXFileReference; lastKnownFileType = sourcecode.c.objc; path = FirstViewController.m; sourceTree = "<group>"; };
		D183515F18BBAE5B00303868 /* SecondViewController.h */ = {isa = PBXFileReference; lastKnownFileType = sourcecode.c.h; path = SecondViewController.h; sourceTree = "<group>"; };
		D183516018BBAE5B00303868 /* SecondViewController.m */ = {isa = PBXFileReference; lastKnownFileType = sourcecode.c.objc; path = SecondViewController.m; sourceTree = "<group>"; };
		D183516218BBAE5B00303868 /* Images.xcassets */ = {isa = PBXFileReference; lastKnownFileType = folder.assetcatalog; path = Images.xcassets; sourceTree = "<group>"; };
		D183516818BBAE5C00303868 /* FoodiesTests.xctest */ = {isa = PBXFileReference; explicitFileType = wrapper.cfbundle; includeInIndex = 0; path = FoodiesTests.xctest; sourceTree = BUILT_PRODUCTS_DIR; };
		D183516918BBAE5C00303868 /* XCTest.framework */ = {isa = PBXFileReference; lastKnownFileType = wrapper.framework; name = XCTest.framework; path = Library/Frameworks/XCTest.framework; sourceTree = DEVELOPER_DIR; };
		D183517118BBAE5C00303868 /* FoodiesTests-Info.plist */ = {isa = PBXFileReference; lastKnownFileType = text.plist.xml; path = "FoodiesTests-Info.plist"; sourceTree = "<group>"; };
		D183517318BBAE5C00303868 /* en */ = {isa = PBXFileReference; lastKnownFileType = text.plist.strings; name = en; path = en.lproj/InfoPlist.strings; sourceTree = "<group>"; };
		D183517518BBAE5C00303868 /* FoodiesTests.m */ = {isa = PBXFileReference; lastKnownFileType = sourcecode.c.objc; path = FoodiesTests.m; sourceTree = "<group>"; };
		D193B85618E380AC00DCC5C8 /* LandingViewControllerDelegate.h */ = {isa = PBXFileReference; fileEncoding = 4; lastKnownFileType = sourcecode.c.h; path = LandingViewControllerDelegate.h; sourceTree = "<group>"; };
		D1ABE1C918D22FD300254A84 /* albumThumbCollectionViewCell.h */ = {isa = PBXFileReference; fileEncoding = 4; lastKnownFileType = sourcecode.c.h; path = albumThumbCollectionViewCell.h; sourceTree = "<group>"; };
		D1ABE1CA18D22FD300254A84 /* albumThumbCollectionViewCell.m */ = {isa = PBXFileReference; fileEncoding = 4; lastKnownFileType = sourcecode.c.objc; path = albumThumbCollectionViewCell.m; sourceTree = "<group>"; };
		D1B57DA918C11D67007B3833 /* TabBarController.h */ = {isa = PBXFileReference; fileEncoding = 4; lastKnownFileType = sourcecode.c.h; path = TabBarController.h; sourceTree = "<group>"; };
		D1B57DAA18C11D67007B3833 /* TabBarController.m */ = {isa = PBXFileReference; fileEncoding = 4; lastKnownFileType = sourcecode.c.objc; path = TabBarController.m; sourceTree = "<group>"; };
		D1BD1A8318D3575B00256BC2 /* LocationPickerTableViewController.h */ = {isa = PBXFileReference; fileEncoding = 4; lastKnownFileType = sourcecode.c.h; path = LocationPickerTableViewController.h; sourceTree = "<group>"; };
		D1BD1A8418D3575B00256BC2 /* LocationPickerTableViewController.m */ = {isa = PBXFileReference; fileEncoding = 4; lastKnownFileType = sourcecode.c.objc; path = LocationPickerTableViewController.m; sourceTree = "<group>"; };
		D1BD1A8618D35E1A00256BC2 /* Location.h */ = {isa = PBXFileReference; fileEncoding = 4; lastKnownFileType = sourcecode.c.h; path = Location.h; sourceTree = "<group>"; };
		D1BD1A8718D35E1A00256BC2 /* Location.m */ = {isa = PBXFileReference; fileEncoding = 4; lastKnownFileType = sourcecode.c.objc; path = Location.m; sourceTree = "<group>"; };
		D1BD1A8818D35E1A00256BC2 /* Venue.h */ = {isa = PBXFileReference; fileEncoding = 4; lastKnownFileType = sourcecode.c.h; path = Venue.h; sourceTree = "<group>"; };
		D1BD1A8918D35E1A00256BC2 /* Venue.m */ = {isa = PBXFileReference; fileEncoding = 4; lastKnownFileType = sourcecode.c.objc; path = Venue.m; sourceTree = "<group>"; };
		D1BD1B1118D36F3900256BC2 /* PostFormTableViewController.h */ = {isa = PBXFileReference; fileEncoding = 4; lastKnownFileType = sourcecode.c.h; path = PostFormTableViewController.h; sourceTree = "<group>"; };
		D1BD1B1218D36F3900256BC2 /* PostFormTableViewController.m */ = {isa = PBXFileReference; fileEncoding = 4; lastKnownFileType = sourcecode.c.objc; path = PostFormTableViewController.m; sourceTree = "<group>"; };
		D1BD1B1418D3879200256BC2 /* CoreLocation.framework */ = {isa = PBXFileReference; lastKnownFileType = wrapper.framework; name = CoreLocation.framework; path = System/Library/Frameworks/CoreLocation.framework; sourceTree = SDKROOT; };
		D1BD1B1618D38F1C00256BC2 /* NSMutableDictionary+ImageMetadata.h */ = {isa = PBXFileReference; fileEncoding = 4; lastKnownFileType = sourcecode.c.h; path = "NSMutableDictionary+ImageMetadata.h"; sourceTree = "<group>"; };
		D1BD1B1718D38F1C00256BC2 /* NSMutableDictionary+ImageMetadata.m */ = {isa = PBXFileReference; fileEncoding = 4; lastKnownFileType = sourcecode.c.objc; path = "NSMutableDictionary+ImageMetadata.m"; sourceTree = "<group>"; };
		D1BD1B1918D3A1D600256BC2 /* ALAsset+Date.h */ = {isa = PBXFileReference; fileEncoding = 4; lastKnownFileType = sourcecode.c.h; path = "ALAsset+Date.h"; sourceTree = "<group>"; };
		D1BD1B1A18D3A1D600256BC2 /* ALAsset+Date.m */ = {isa = PBXFileReference; fileEncoding = 4; lastKnownFileType = sourcecode.c.objc; path = "ALAsset+Date.m"; sourceTree = "<group>"; };
		D1BD1B1C18D3BCA500256BC2 /* LocationPickerDelegate.h */ = {isa = PBXFileReference; lastKnownFileType = sourcecode.c.h; path = LocationPickerDelegate.h; sourceTree = "<group>"; };
		D1C0C36018DCBEF000F3AD9C /* profilepic.png */ = {isa = PBXFileReference; lastKnownFileType = image.png; path = profilepic.png; sourceTree = "<group>"; };
		D1C0C36218DCD10F00F3AD9C /* CameraOutputDelegate.h */ = {isa = PBXFileReference; lastKnownFileType = sourcecode.c.h; path = CameraOutputDelegate.h; sourceTree = "<group>"; };
/* End PBXFileReference section */

/* Begin PBXFrameworksBuildPhase section */
		D183513E18BBAE5B00303868 /* Frameworks */ = {
			isa = PBXFrameworksBuildPhase;
			buildActionMask = 2147483647;
			files = (
				D1BD1B1518D3879200256BC2 /* CoreLocation.framework in Frameworks */,
				D13A51AA18BBCA5700ADE71D /* AssetsLibrary.framework in Frameworks */,
				D13A51A818BBCA3700ADE71D /* AVFoundation.framework in Frameworks */,
				D183514718BBAE5B00303868 /* CoreGraphics.framework in Frameworks */,
				D183514918BBAE5B00303868 /* UIKit.framework in Frameworks */,
				D183514518BBAE5B00303868 /* Foundation.framework in Frameworks */,
				5E26A462825B4BF6831418D7 /* libPods.a in Frameworks */,
			);
			runOnlyForDeploymentPostprocessing = 0;
		};
		D183516518BBAE5C00303868 /* Frameworks */ = {
			isa = PBXFrameworksBuildPhase;
			buildActionMask = 2147483647;
			files = (
				D183516A18BBAE5C00303868 /* XCTest.framework in Frameworks */,
				D183516C18BBAE5C00303868 /* UIKit.framework in Frameworks */,
				D183516B18BBAE5C00303868 /* Foundation.framework in Frameworks */,
			);
			runOnlyForDeploymentPostprocessing = 0;
		};
/* End PBXFrameworksBuildPhase section */

/* Begin PBXGroup section */
		D110AFF318CA43610077D25B /* Feed */ = {
			isa = PBXGroup;
			children = (
				D144D69F18C5272D00C6755F /* FeedTableViewController.h */,
				D144D6A018C5272D00C6755F /* FeedTableViewController.m */,
				D110AFF018CA43450077D25B /* FeedTableViewCell.h */,
				D110AFF118CA43450077D25B /* FeedTableViewCell.m */,
				D1247F7518E60D4F009CD32B /* FeedTableViewCellDelegate.h */,
			);
			name = Feed;
			sourceTree = "<group>";
		};
		D110AFF418CA43750077D25B /* Camera */ = {
			isa = PBXGroup;
			children = (
				D12A6D9418C128800029EB6D /* CameraModeViewController.h */,
				D12A6D9518C128800029EB6D /* CameraModeViewController.m */,
				D12A6D9718C12EB40029EB6D /* CustomCamera.h */,
				D12A6D9818C12EB40029EB6D /* CustomCamera.m */,
				D13A51B418BCEF3200ADE71D /* CameraViewController.h */,
				D13A51B518BCEF3200ADE71D /* CameraViewController.m */,
				D1ABE1C918D22FD300254A84 /* albumThumbCollectionViewCell.h */,
				D1ABE1CA18D22FD300254A84 /* albumThumbCollectionViewCell.m */,
				D1BD1B1118D36F3900256BC2 /* PostFormTableViewController.h */,
				D1BD1B1218D36F3900256BC2 /* PostFormTableViewController.m */,
				D1247F7918E75BB5009CD32B /* TagPickerViewController.h */,
				D1247F7A18E75BB5009CD32B /* TagPickerViewController.m */,
				D1BD1A8318D3575B00256BC2 /* LocationPickerTableViewController.h */,
				D1BD1A8418D3575B00256BC2 /* LocationPickerTableViewController.m */,
				D1BD1B1C18D3BCA500256BC2 /* LocationPickerDelegate.h */,
				D1C0C36218DCD10F00F3AD9C /* CameraOutputDelegate.h */,
			);
			name = Camera;
			sourceTree = "<group>";
		};
		D110AFFE18CA4E0E0077D25B /* Model */ = {
			isa = PBXGroup;
			children = (
				D1247F7218E602ED009CD32B /* FoodiesDataStore.h */,
				D1247F7318E602ED009CD32B /* FoodiesDataStore.m */,
				D110AFFB18CA4E080077D25B /* FoodPost.h */,
				D110AFFC18CA4E080077D25B /* FoodPost.m */,
				D110AFFF18CA524B0077D25B /* Foodie.h */,
				D110B00018CA524B0077D25B /* Foodie.m */,
				D110B00818CA67210077D25B /* Like.h */,
				D110B00918CA67210077D25B /* Like.m */,
				D110B00B18CA67E30077D25B /* Comment.h */,
				D110B00C18CA67E30077D25B /* Comment.m */,
				D1BD1A8618D35E1A00256BC2 /* Location.h */,
				D1BD1A8718D35E1A00256BC2 /* Location.m */,
				D1BD1A8818D35E1A00256BC2 /* Venue.h */,
				D1BD1A8918D35E1A00256BC2 /* Venue.m */,
				D1247F6F18E5FAB5009CD32B /* Meal.h */,
				D1247F7018E5FAB5009CD32B /* Meal.m */,
				D1247F6C18E5FA19009CD32B /* MealTag.h */,
				D1247F6D18E5FA19009CD32B /* MealTag.m */,
			);
			name = Model;
			sourceTree = "<group>";
		};
		D110B00418CA561F0077D25B /* Image */ = {
			isa = PBXGroup;
			children = (
				D110B00218CA561B0077D25B /* ramenImage.png */,
				D1C0C36018DCBEF000F3AD9C /* profilepic.png */,
			);
			name = Image;
			sourceTree = "<group>";
		};
		D110B00E18CA76B10077D25B /* Category Methods */ = {
			isa = PBXGroup;
			children = (
				D1BD1B1618D38F1C00256BC2 /* NSMutableDictionary+ImageMetadata.h */,
				D1BD1B1718D38F1C00256BC2 /* NSMutableDictionary+ImageMetadata.m */,
				D110B00518CA5E070077D25B /* UIView+ResizeToFitSubviews.h */,
				D110B00618CA5E070077D25B /* UIView+ResizeToFitSubviews.m */,
				D1BD1B1918D3A1D600256BC2 /* ALAsset+Date.h */,
				D1BD1B1A18D3A1D600256BC2 /* ALAsset+Date.m */,
				D1247F6318E4CFFB009CD32B /* UIColor+colorPallete.h */,
				D1247F6418E4CFFB009CD32B /* UIColor+colorPallete.m */,
				D1247F6918E5F1DB009CD32B /* NSDate+PrettyTimestamp.h */,
				D1247F6A18E5F1DB009CD32B /* NSDate+PrettyTimestamp.m */,
			);
			name = "Category Methods";
			sourceTree = "<group>";
		};
		D12A5F5E18E37D55000BF74A /* Landing */ = {
			isa = PBXGroup;
			children = (
				D12A5F4F18E33135000BF74A /* LandingTableViewController.h */,
				D12A5F5018E33135000BF74A /* LandingTableViewController.m */,
				D12A5F5218E353DF000BF74A /* LogInTableViewCell.h */,
				D12A5F5318E353DF000BF74A /* LogInTableViewCell.m */,
				D12A5F5B18E37D48000BF74A /* SignUpViewController.h */,
				D12A5F5C18E37D48000BF74A /* SignUpViewController.m */,
				D193B85618E380AC00DCC5C8 /* LandingViewControllerDelegate.h */,
			);
			name = Landing;
			sourceTree = "<group>";
		};
		D183513818BBAE5B00303868 = {
			isa = PBXGroup;
			children = (
				D183514A18BBAE5B00303868 /* Foodies */,
				D183516F18BBAE5C00303868 /* FoodiesTests */,
				D183514318BBAE5B00303868 /* Frameworks */,
				D183514218BBAE5B00303868 /* Products */,
				25D1270A827E4ED79ABF8B18 /* Pods.xcconfig */,
			);
			sourceTree = "<group>";
		};
		D183514218BBAE5B00303868 /* Products */ = {
			isa = PBXGroup;
			children = (
				D183514118BBAE5B00303868 /* Foodies.app */,
				D183516818BBAE5C00303868 /* FoodiesTests.xctest */,
			);
			name = Products;
			sourceTree = "<group>";
		};
		D183514318BBAE5B00303868 /* Frameworks */ = {
			isa = PBXGroup;
			children = (
				D1BD1B1418D3879200256BC2 /* CoreLocation.framework */,
				D13A51A918BBCA5700ADE71D /* AssetsLibrary.framework */,
				D13A51A718BBCA3700ADE71D /* AVFoundation.framework */,
				D183514418BBAE5B00303868 /* Foundation.framework */,
				D183514618BBAE5B00303868 /* CoreGraphics.framework */,
				D183514818BBAE5B00303868 /* UIKit.framework */,
				D183516918BBAE5C00303868 /* XCTest.framework */,
				883104303B1C48AF812654FF /* libPods.a */,
			);
			name = Frameworks;
			sourceTree = "<group>";
		};
		D183514A18BBAE5B00303868 /* Foodies */ = {
			isa = PBXGroup;
			children = (
				D110B00418CA561F0077D25B /* Image */,
				D183515318BBAE5B00303868 /* AppDelegate.h */,
				D183515418BBAE5B00303868 /* AppDelegate.m */,
				D183515918BBAE5B00303868 /* Main_iPad.storyboard */,
				D183515618BBAE5B00303868 /* Main_iPhone.storyboard */,
				D12A5F5518E36F1D000BF74A /* ProfileViewController.h */,
				D12A5F5618E36F1D000BF74A /* ProfileViewController.m */,
				D1B57DA918C11D67007B3833 /* TabBarController.h */,
				D1B57DAA18C11D67007B3833 /* TabBarController.m */,
				D183515C18BBAE5B00303868 /* FirstViewController.h */,
				D183515D18BBAE5B00303868 /* FirstViewController.m */,
				D183515F18BBAE5B00303868 /* SecondViewController.h */,
				D183516018BBAE5B00303868 /* SecondViewController.m */,
				D110B00E18CA76B10077D25B /* Category Methods */,
				D110AFFE18CA4E0E0077D25B /* Model */,
				D12A5F5E18E37D55000BF74A /* Landing */,
				D110AFF418CA43750077D25B /* Camera */,
				D110AFF318CA43610077D25B /* Feed */,
				D183516218BBAE5B00303868 /* Images.xcassets */,
				D183514B18BBAE5B00303868 /* Supporting Files */,
			);
			path = Foodies;
			sourceTree = "<group>";
		};
		D183514B18BBAE5B00303868 /* Supporting Files */ = {
			isa = PBXGroup;
			children = (
				D183514C18BBAE5B00303868 /* Foodies-Info.plist */,
				D183514D18BBAE5B00303868 /* InfoPlist.strings */,
				D183515018BBAE5B00303868 /* main.m */,
				D183515218BBAE5B00303868 /* Foodies-Prefix.pch */,
			);
			name = "Supporting Files";
			sourceTree = "<group>";
		};
		D183516F18BBAE5C00303868 /* FoodiesTests */ = {
			isa = PBXGroup;
			children = (
				D183517518BBAE5C00303868 /* FoodiesTests.m */,
				D183517018BBAE5C00303868 /* Supporting Files */,
			);
			path = FoodiesTests;
			sourceTree = "<group>";
		};
		D183517018BBAE5C00303868 /* Supporting Files */ = {
			isa = PBXGroup;
			children = (
				D183517118BBAE5C00303868 /* FoodiesTests-Info.plist */,
				D183517218BBAE5C00303868 /* InfoPlist.strings */,
			);
			name = "Supporting Files";
			sourceTree = "<group>";
		};
/* End PBXGroup section */

/* Begin PBXNativeTarget section */
		D183514018BBAE5B00303868 /* Foodies */ = {
			isa = PBXNativeTarget;
			buildConfigurationList = D183517918BBAE5C00303868 /* Build configuration list for PBXNativeTarget "Foodies" */;
			buildPhases = (
				21565350C3144B53914A38CA /* Check Pods Manifest.lock */,
				D183513D18BBAE5B00303868 /* Sources */,
				D183513E18BBAE5B00303868 /* Frameworks */,
				D183513F18BBAE5B00303868 /* Resources */,
				39065F8E87F14DD298F3E08F /* Copy Pods Resources */,
			);
			buildRules = (
			);
			dependencies = (
			);
			name = Foodies;
			productName = Foodies;
			productReference = D183514118BBAE5B00303868 /* Foodies.app */;
			productType = "com.apple.product-type.application";
		};
		D183516718BBAE5C00303868 /* FoodiesTests */ = {
			isa = PBXNativeTarget;
			buildConfigurationList = D183517C18BBAE5C00303868 /* Build configuration list for PBXNativeTarget "FoodiesTests" */;
			buildPhases = (
				D183516418BBAE5C00303868 /* Sources */,
				D183516518BBAE5C00303868 /* Frameworks */,
				D183516618BBAE5C00303868 /* Resources */,
			);
			buildRules = (
			);
			dependencies = (
				D183516E18BBAE5C00303868 /* PBXTargetDependency */,
			);
			name = FoodiesTests;
			productName = FoodiesTests;
			productReference = D183516818BBAE5C00303868 /* FoodiesTests.xctest */;
			productType = "com.apple.product-type.bundle.unit-test";
		};
/* End PBXNativeTarget section */

/* Begin PBXProject section */
		D183513918BBAE5B00303868 /* Project object */ = {
			isa = PBXProject;
			attributes = {
				LastUpgradeCheck = 0510;
				ORGANIZATIONNAME = "Lucas Chwe";
				TargetAttributes = {
					D183516718BBAE5C00303868 = {
						TestTargetID = D183514018BBAE5B00303868;
					};
				};
			};
			buildConfigurationList = D183513C18BBAE5B00303868 /* Build configuration list for PBXProject "Foodies" */;
			compatibilityVersion = "Xcode 3.2";
			developmentRegion = English;
			hasScannedForEncodings = 0;
			knownRegions = (
				en,
				Base,
			);
			mainGroup = D183513818BBAE5B00303868;
			productRefGroup = D183514218BBAE5B00303868 /* Products */;
			projectDirPath = "";
			projectRoot = "";
			targets = (
				D183514018BBAE5B00303868 /* Foodies */,
				D183516718BBAE5C00303868 /* FoodiesTests */,
			);
		};
/* End PBXProject section */

/* Begin PBXResourcesBuildPhase section */
		D183513F18BBAE5B00303868 /* Resources */ = {
			isa = PBXResourcesBuildPhase;
			buildActionMask = 2147483647;
			files = (
				D1C0C36118DCBEF000F3AD9C /* profilepic.png in Resources */,
				D183515B18BBAE5B00303868 /* Main_iPad.storyboard in Resources */,
				D183516318BBAE5B00303868 /* Images.xcassets in Resources */,
				D110B00318CA561B0077D25B /* ramenImage.png in Resources */,
				D183515818BBAE5B00303868 /* Main_iPhone.storyboard in Resources */,
				D183514F18BBAE5B00303868 /* InfoPlist.strings in Resources */,
			);
			runOnlyForDeploymentPostprocessing = 0;
		};
		D183516618BBAE5C00303868 /* Resources */ = {
			isa = PBXResourcesBuildPhase;
			buildActionMask = 2147483647;
			files = (
				D183517418BBAE5C00303868 /* InfoPlist.strings in Resources */,
			);
			runOnlyForDeploymentPostprocessing = 0;
		};
/* End PBXResourcesBuildPhase section */

/* Begin PBXShellScriptBuildPhase section */
		21565350C3144B53914A38CA /* Check Pods Manifest.lock */ = {
			isa = PBXShellScriptBuildPhase;
			buildActionMask = 2147483647;
			files = (
			);
			inputPaths = (
			);
			name = "Check Pods Manifest.lock";
			outputPaths = (
			);
			runOnlyForDeploymentPostprocessing = 0;
			shellPath = /bin/sh;
			shellScript = "diff \"${PODS_ROOT}/../Podfile.lock\" \"${PODS_ROOT}/Manifest.lock\" > /dev/null\nif [[ $? != 0 ]] ; then\n    cat << EOM\nerror: The sandbox is not in sync with the Podfile.lock. Run 'pod install' or update your CocoaPods installation.\nEOM\n    exit 1\nfi\n";
			showEnvVarsInLog = 0;
		};
		39065F8E87F14DD298F3E08F /* Copy Pods Resources */ = {
			isa = PBXShellScriptBuildPhase;
			buildActionMask = 2147483647;
			files = (
			);
			inputPaths = (
			);
			name = "Copy Pods Resources";
			outputPaths = (
			);
			runOnlyForDeploymentPostprocessing = 0;
			shellPath = /bin/sh;
			shellScript = "\"${SRCROOT}/Pods/Pods-resources.sh\"\n";
			showEnvVarsInLog = 0;
		};
/* End PBXShellScriptBuildPhase section */

/* Begin PBXSourcesBuildPhase section */
		D183513D18BBAE5B00303868 /* Sources */ = {
			isa = PBXSourcesBuildPhase;
			buildActionMask = 2147483647;
			files = (
				D1BD1B1818D38F1C00256BC2 /* NSMutableDictionary+ImageMetadata.m in Sources */,
				D1247F6B18E5F1DB009CD32B /* NSDate+PrettyTimestamp.m in Sources */,
				D13A51B618BCEF3300ADE71D /* CameraViewController.m in Sources */,
				D1BD1B1318D36F3900256BC2 /* PostFormTableViewController.m in Sources */,
				D1ABE1CB18D22FD300254A84 /* albumThumbCollectionViewCell.m in Sources */,
				D12A5F5718E36F1D000BF74A /* ProfileViewController.m in Sources */,
				D1247F6E18E5FA19009CD32B /* MealTag.m in Sources */,
				D183516118BBAE5B00303868 /* SecondViewController.m in Sources */,
				D183515518BBAE5B00303868 /* AppDelegate.m in Sources */,
				D1BD1A8A18D35E1A00256BC2 /* Location.m in Sources */,
				D1247F7118E5FAB5009CD32B /* Meal.m in Sources */,
				D1BD1A8518D3575B00256BC2 /* LocationPickerTableViewController.m in Sources */,
				D1B57DAB18C11D67007B3833 /* TabBarController.m in Sources */,
				D1247F7B18E75BB5009CD32B /* TagPickerViewController.m in Sources */,
				D1BD1B1B18D3A1D600256BC2 /* ALAsset+Date.m in Sources */,
				D183515E18BBAE5B00303868 /* FirstViewController.m in Sources */,
				D12A5F5418E353DF000BF74A /* LogInTableViewCell.m in Sources */,
				D1BD1A8B18D35E1A00256BC2 /* Venue.m in Sources */,
				D110AFFD18CA4E080077D25B /* FoodPost.m in Sources */,
				D110AFF218CA43450077D25B /* FeedTableViewCell.m in Sources */,
				D1247F7418E602ED009CD32B /* FoodiesDataStore.m in Sources */,
				D110B00718CA5E070077D25B /* UIView+ResizeToFitSubviews.m in Sources */,
				D110B00A18CA67210077D25B /* Like.m in Sources */,
				D12A6D9918C12EB40029EB6D /* CustomCamera.m in Sources */,
				D12A6D9618C128800029EB6D /* CameraModeViewController.m in Sources */,
				D110B00118CA524B0077D25B /* Foodie.m in Sources */,
				D183515118BBAE5B00303868 /* main.m in Sources */,
				D110B00D18CA67E30077D25B /* Comment.m in Sources */,
				D1247F6518E4CFFB009CD32B /* UIColor+colorPallete.m in Sources */,
				D144D6A118C5272D00C6755F /* FeedTableViewController.m in Sources */,
				D12A5F5D18E37D48000BF74A /* SignUpViewController.m in Sources */,
				D12A5F5118E33135000BF74A /* LandingTableViewController.m in Sources */,
			);
			runOnlyForDeploymentPostprocessing = 0;
		};
		D183516418BBAE5C00303868 /* Sources */ = {
			isa = PBXSourcesBuildPhase;
			buildActionMask = 2147483647;
			files = (
				D183517618BBAE5C00303868 /* FoodiesTests.m in Sources */,
			);
			runOnlyForDeploymentPostprocessing = 0;
		};
/* End PBXSourcesBuildPhase section */

/* Begin PBXTargetDependency section */
		D183516E18BBAE5C00303868 /* PBXTargetDependency */ = {
			isa = PBXTargetDependency;
			target = D183514018BBAE5B00303868 /* Foodies */;
			targetProxy = D183516D18BBAE5C00303868 /* PBXContainerItemProxy */;
		};
/* End PBXTargetDependency section */

/* Begin PBXVariantGroup section */
		D183514D18BBAE5B00303868 /* InfoPlist.strings */ = {
			isa = PBXVariantGroup;
			children = (
				D183514E18BBAE5B00303868 /* en */,
			);
			name = InfoPlist.strings;
			sourceTree = "<group>";
		};
		D183515618BBAE5B00303868 /* Main_iPhone.storyboard */ = {
			isa = PBXVariantGroup;
			children = (
				D183515718BBAE5B00303868 /* Base */,
			);
			name = Main_iPhone.storyboard;
			sourceTree = "<group>";
		};
		D183515918BBAE5B00303868 /* Main_iPad.storyboard */ = {
			isa = PBXVariantGroup;
			children = (
				D183515A18BBAE5B00303868 /* Base */,
			);
			name = Main_iPad.storyboard;
			sourceTree = "<group>";
		};
		D183517218BBAE5C00303868 /* InfoPlist.strings */ = {
			isa = PBXVariantGroup;
			children = (
				D183517318BBAE5C00303868 /* en */,
			);
			name = InfoPlist.strings;
			sourceTree = "<group>";
		};
/* End PBXVariantGroup section */

/* Begin XCBuildConfiguration section */
		D183517718BBAE5C00303868 /* Debug */ = {
			isa = XCBuildConfiguration;
			buildSettings = {
				ALWAYS_SEARCH_USER_PATHS = NO;
				CLANG_CXX_LANGUAGE_STANDARD = "gnu++0x";
				CLANG_CXX_LIBRARY = "libc++";
				CLANG_ENABLE_MODULES = YES;
				CLANG_ENABLE_OBJC_ARC = YES;
				CLANG_WARN_BOOL_CONVERSION = YES;
				CLANG_WARN_CONSTANT_CONVERSION = YES;
				CLANG_WARN_DIRECT_OBJC_ISA_USAGE = YES_ERROR;
				CLANG_WARN_EMPTY_BODY = YES;
				CLANG_WARN_ENUM_CONVERSION = YES;
				CLANG_WARN_INT_CONVERSION = YES;
				CLANG_WARN_OBJC_ROOT_CLASS = YES_ERROR;
				CLANG_WARN__DUPLICATE_METHOD_MATCH = YES;
				"CODE_SIGN_IDENTITY[sdk=iphoneos*]" = "iPhone Developer";
				COPY_PHASE_STRIP = NO;
				GCC_C_LANGUAGE_STANDARD = gnu99;
				GCC_DYNAMIC_NO_PIC = NO;
				GCC_OPTIMIZATION_LEVEL = 0;
				GCC_PREPROCESSOR_DEFINITIONS = (
					"DEBUG=1",
					"$(inherited)",
				);
				GCC_SYMBOLS_PRIVATE_EXTERN = NO;
				GCC_WARN_64_TO_32_BIT_CONVERSION = YES;
				GCC_WARN_ABOUT_RETURN_TYPE = YES_ERROR;
				GCC_WARN_UNDECLARED_SELECTOR = YES;
				GCC_WARN_UNINITIALIZED_AUTOS = YES;
				GCC_WARN_UNUSED_FUNCTION = YES;
				GCC_WARN_UNUSED_VARIABLE = YES;
				IPHONEOS_DEPLOYMENT_TARGET = 7.0;
				ONLY_ACTIVE_ARCH = YES;
				SDKROOT = iphoneos;
				TARGETED_DEVICE_FAMILY = "1,2";
			};
			name = Debug;
		};
		D183517818BBAE5C00303868 /* Release */ = {
			isa = XCBuildConfiguration;
			buildSettings = {
				ALWAYS_SEARCH_USER_PATHS = NO;
				CLANG_CXX_LANGUAGE_STANDARD = "gnu++0x";
				CLANG_CXX_LIBRARY = "libc++";
				CLANG_ENABLE_MODULES = YES;
				CLANG_ENABLE_OBJC_ARC = YES;
				CLANG_WARN_BOOL_CONVERSION = YES;
				CLANG_WARN_CONSTANT_CONVERSION = YES;
				CLANG_WARN_DIRECT_OBJC_ISA_USAGE = YES_ERROR;
				CLANG_WARN_EMPTY_BODY = YES;
				CLANG_WARN_ENUM_CONVERSION = YES;
				CLANG_WARN_INT_CONVERSION = YES;
				CLANG_WARN_OBJC_ROOT_CLASS = YES_ERROR;
				CLANG_WARN__DUPLICATE_METHOD_MATCH = YES;
				"CODE_SIGN_IDENTITY[sdk=iphoneos*]" = "iPhone Developer";
				COPY_PHASE_STRIP = YES;
				ENABLE_NS_ASSERTIONS = NO;
				GCC_C_LANGUAGE_STANDARD = gnu99;
				GCC_WARN_64_TO_32_BIT_CONVERSION = YES;
				GCC_WARN_ABOUT_RETURN_TYPE = YES_ERROR;
				GCC_WARN_UNDECLARED_SELECTOR = YES;
				GCC_WARN_UNINITIALIZED_AUTOS = YES;
				GCC_WARN_UNUSED_FUNCTION = YES;
				GCC_WARN_UNUSED_VARIABLE = YES;
				IPHONEOS_DEPLOYMENT_TARGET = 7.0;
				SDKROOT = iphoneos;
				TARGETED_DEVICE_FAMILY = "1,2";
				VALIDATE_PRODUCT = YES;
			};
			name = Release;
		};
		D183517A18BBAE5C00303868 /* Debug */ = {
			isa = XCBuildConfiguration;
			baseConfigurationReference = 25D1270A827E4ED79ABF8B18 /* Pods.xcconfig */;
			buildSettings = {
				ASSETCATALOG_COMPILER_APPICON_NAME = AppIcon;
				ASSETCATALOG_COMPILER_LAUNCHIMAGE_NAME = LaunchImage;
				GCC_PRECOMPILE_PREFIX_HEADER = YES;
				GCC_PREFIX_HEADER = "Foodies/Foodies-Prefix.pch";
				INFOPLIST_FILE = "Foodies/Foodies-Info.plist";
				PRODUCT_NAME = "$(TARGET_NAME)";
				WRAPPER_EXTENSION = app;
			};
			name = Debug;
		};
		D183517B18BBAE5C00303868 /* Release */ = {
			isa = XCBuildConfiguration;
			baseConfigurationReference = 25D1270A827E4ED79ABF8B18 /* Pods.xcconfig */;
			buildSettings = {
				ASSETCATALOG_COMPILER_APPICON_NAME = AppIcon;
				ASSETCATALOG_COMPILER_LAUNCHIMAGE_NAME = LaunchImage;
				GCC_PRECOMPILE_PREFIX_HEADER = YES;
				GCC_PREFIX_HEADER = "Foodies/Foodies-Prefix.pch";
				INFOPLIST_FILE = "Foodies/Foodies-Info.plist";
				PRODUCT_NAME = "$(TARGET_NAME)";
				WRAPPER_EXTENSION = app;
			};
			name = Release;
		};
		D183517D18BBAE5C00303868 /* Debug */ = {
			isa = XCBuildConfiguration;
			buildSettings = {
				BUNDLE_LOADER = "$(BUILT_PRODUCTS_DIR)/Foodies.app/Foodies";
				FRAMEWORK_SEARCH_PATHS = (
					"$(SDKROOT)/Developer/Library/Frameworks",
					"$(inherited)",
					"$(DEVELOPER_FRAMEWORKS_DIR)",
				);
				GCC_PRECOMPILE_PREFIX_HEADER = YES;
				GCC_PREFIX_HEADER = "Foodies/Foodies-Prefix.pch";
				GCC_PREPROCESSOR_DEFINITIONS = (
					"DEBUG=1",
					"$(inherited)",
				);
				INFOPLIST_FILE = "FoodiesTests/FoodiesTests-Info.plist";
				PRODUCT_NAME = "$(TARGET_NAME)";
				TEST_HOST = "$(BUNDLE_LOADER)";
				WRAPPER_EXTENSION = xctest;
			};
			name = Debug;
		};
		D183517E18BBAE5C00303868 /* Release */ = {
			isa = XCBuildConfiguration;
			buildSettings = {
				BUNDLE_LOADER = "$(BUILT_PRODUCTS_DIR)/Foodies.app/Foodies";
				FRAMEWORK_SEARCH_PATHS = (
					"$(SDKROOT)/Developer/Library/Frameworks",
					"$(inherited)",
					"$(DEVELOPER_FRAMEWORKS_DIR)",
				);
				GCC_PRECOMPILE_PREFIX_HEADER = YES;
				GCC_PREFIX_HEADER = "Foodies/Foodies-Prefix.pch";
				INFOPLIST_FILE = "FoodiesTests/FoodiesTests-Info.plist";
				PRODUCT_NAME = "$(TARGET_NAME)";
				TEST_HOST = "$(BUNDLE_LOADER)";
				WRAPPER_EXTENSION = xctest;
			};
			name = Release;
		};
/* End XCBuildConfiguration section */

/* Begin XCConfigurationList section */
		D183513C18BBAE5B00303868 /* Build configuration list for PBXProject "Foodies" */ = {
			isa = XCConfigurationList;
			buildConfigurations = (
				D183517718BBAE5C00303868 /* Debug */,
				D183517818BBAE5C00303868 /* Release */,
			);
			defaultConfigurationIsVisible = 0;
			defaultConfigurationName = Release;
		};
		D183517918BBAE5C00303868 /* Build configuration list for PBXNativeTarget "Foodies" */ = {
			isa = XCConfigurationList;
			buildConfigurations = (
				D183517A18BBAE5C00303868 /* Debug */,
				D183517B18BBAE5C00303868 /* Release */,
			);
			defaultConfigurationIsVisible = 0;
			defaultConfigurationName = Release;
		};
		D183517C18BBAE5C00303868 /* Build configuration list for PBXNativeTarget "FoodiesTests" */ = {
			isa = XCConfigurationList;
			buildConfigurations = (
				D183517D18BBAE5C00303868 /* Debug */,
				D183517E18BBAE5C00303868 /* Release */,
			);
			defaultConfigurationIsVisible = 0;
			defaultConfigurationName = Release;
		};
/* End XCConfigurationList section */
	};
	rootObject = D183513918BBAE5B00303868 /* Project object */;
}
